github.com/tetratelabs/wazero v1.8.2 h1:yIgLR/b2bN31bjxwXHD8a3d+BogigR952csSDdLYEv4=
github.com/tetratelabs/wazero v1.8.2/go.mod h1:yAI0XTsMBhREkM/YDAK/zNou3GoiAce1P6+rp/wQhjs=
golang.org/x/text v0.15.0 h1:h1V/4gjBv8v9cjcR6+AR5+/cIYK5N/WAgiv4xlsEtAk=
golang.org/x/text v0.15.0/go.mod h1:18ZOQIKpY8NJVqYksKHtTdi31H5itFRjB5/qKTNYzSU=
graphics.gd v0.0.0-20250218093300-7db9c1f06164 h1:hVqdXiND82Uz9eoigCZC4R/qM+OUPeN/eDpjovEO0LE=
graphics.gd v0.0.0-20250218093300-7db9c1f06164/go.mod h1:jB0P4sCh+O8hgbA7gi+C33jraC/tqcByguT4VCbPB2U=
graphics.gd v0.0.0-20250304090822-45d3853874e8 h1:6oD6cz/CR1iHqGVgmPHj98wPlEz0Zrh3KBviEhQBHd0=
graphics.gd v0.0.0-20250304090822-45d3853874e8/go.mod h1:jB0P4sCh+O8hgbA7gi+C33jraC/tqcByguT4VCbPB2U=
graphics.gd v0.0.0-20250305104756-525f282a3f28 h1:eEKlmKOaZ98b6DeS3pQ4NJSwwPw1ZiYsV+f3OyU5lrE=
graphics.gd v0.0.0-20250305104756-525f282a3f28/go.mod h1:jB0P4sCh+O8hgbA7gi+C33jraC/tqcByguT4VCbPB2U=
runtime.link v0.0.0-20250131052539-992a5f0be9db h1:pmEAAhIKeeisn2bXh43ZSULNXsrveRC/iDxBLoc0RC8=
runtime.link v0.0.0-20250131052539-992a5f0be9db/go.mod h1:bs9lT/R79BfIAGcCHrCWiEdDec5nUNSBBjDmAvAsasU=
